// !$*UTF8*$!
{
	archiveVersion = 1;
	classes = {
	};
	objectVersion = 56;
	objects = {

/* Begin PBXBuildFile section */
		A80F8BB92C5E296C00CABD28 /* GreekKinoApp.swift in Sources */ = {isa = PBXBuildFile; fileRef = A80F8BB82C5E296C00CABD28 /* GreekKinoApp.swift */; };
		A80F8BBB2C5E296C00CABD28 /* ContentView.swift in Sources */ = {isa = PBXBuildFile; fileRef = A80F8BBA2C5E296C00CABD28 /* ContentView.swift */; };
		A80F8BBD2C5E296D00CABD28 /* Assets.xcassets in Resources */ = {isa = PBXBuildFile; fileRef = A80F8BBC2C5E296D00CABD28 /* Assets.xcassets */; };
		A80F8BC02C5E296D00CABD28 /* Preview Assets.xcassets in Resources */ = {isa = PBXBuildFile; fileRef = A80F8BBF2C5E296D00CABD28 /* Preview Assets.xcassets */; };
		A80F8BCC2C5E3CA000CABD28 /* RootTabRouter.swift in Sources */ = {isa = PBXBuildFile; fileRef = A80F8BCA2C5E3CA000CABD28 /* RootTabRouter.swift */; };
		A80F8BCD2C5E3CA000CABD28 /* RootTabView.swift in Sources */ = {isa = PBXBuildFile; fileRef = A80F8BCB2C5E3CA000CABD28 /* RootTabView.swift */; };
		A80F8BDC2C5E408500CABD28 /* DrawModel.swift in Sources */ = {isa = PBXBuildFile; fileRef = A80F8BD22C5E408400CABD28 /* DrawModel.swift */; };
		A80F8BDD2C5E408500CABD28 /* Extensions.swift in Sources */ = {isa = PBXBuildFile; fileRef = A80F8BD32C5E408400CABD28 /* Extensions.swift */; };
		A80F8BDE2C5E408500CABD28 /* Client.swift in Sources */ = {isa = PBXBuildFile; fileRef = A80F8BD42C5E408400CABD28 /* Client.swift */; };
		A80F8BDF2C5E408500CABD28 /* APIEndpoint.swift in Sources */ = {isa = PBXBuildFile; fileRef = A80F8BD62C5E408400CABD28 /* APIEndpoint.swift */; };
		A80F8BE02C5E408500CABD28 /* DrawEndpoint.swift in Sources */ = {isa = PBXBuildFile; fileRef = A80F8BD72C5E408400CABD28 /* DrawEndpoint.swift */; };
		A80F8BE12C5E408500CABD28 /* DrawService.swift in Sources */ = {isa = PBXBuildFile; fileRef = A80F8BD92C5E408400CABD28 /* DrawService.swift */; };
		A80F8BE32C5E6DBF00CABD28 /* HomeView.swift in Sources */ = {isa = PBXBuildFile; fileRef = A80F8BE22C5E6DBF00CABD28 /* HomeView.swift */; };
		A80F8BE52C5F7C0100CABD28 /* DrawView.swift in Sources */ = {isa = PBXBuildFile; fileRef = A80F8BE42C5F7C0100CABD28 /* DrawView.swift */; };
		A80F8BEB2C5F8C6300CABD28 /* HomeRouter.swift in Sources */ = {isa = PBXBuildFile; fileRef = A80F8BEA2C5F8C6300CABD28 /* HomeRouter.swift */; };
/* End PBXBuildFile section */

/* Begin PBXFileReference section */
		A80F8BB52C5E296C00CABD28 /* GreekKino.app */ = {isa = PBXFileReference; explicitFileType = wrapper.application; includeInIndex = 0; path = GreekKino.app; sourceTree = BUILT_PRODUCTS_DIR; };
		A80F8BB82C5E296C00CABD28 /* GreekKinoApp.swift */ = {isa = PBXFileReference; lastKnownFileType = sourcecode.swift; path = GreekKinoApp.swift; sourceTree = "<group>"; };
		A80F8BBA2C5E296C00CABD28 /* ContentView.swift */ = {isa = PBXFileReference; lastKnownFileType = sourcecode.swift; path = ContentView.swift; sourceTree = "<group>"; };
		A80F8BBC2C5E296D00CABD28 /* Assets.xcassets */ = {isa = PBXFileReference; lastKnownFileType = folder.assetcatalog; path = Assets.xcassets; sourceTree = "<group>"; };
		A80F8BBF2C5E296D00CABD28 /* Preview Assets.xcassets */ = {isa = PBXFileReference; lastKnownFileType = folder.assetcatalog; path = "Preview Assets.xcassets"; sourceTree = "<group>"; };
		A80F8BCA2C5E3CA000CABD28 /* RootTabRouter.swift */ = {isa = PBXFileReference; fileEncoding = 4; lastKnownFileType = sourcecode.swift; path = RootTabRouter.swift; sourceTree = "<group>"; };
		A80F8BCB2C5E3CA000CABD28 /* RootTabView.swift */ = {isa = PBXFileReference; fileEncoding = 4; lastKnownFileType = sourcecode.swift; path = RootTabView.swift; sourceTree = "<group>"; };
		A80F8BD22C5E408400CABD28 /* DrawModel.swift */ = {isa = PBXFileReference; fileEncoding = 4; lastKnownFileType = sourcecode.swift; path = DrawModel.swift; sourceTree = "<group>"; };
		A80F8BD32C5E408400CABD28 /* Extensions.swift */ = {isa = PBXFileReference; fileEncoding = 4; lastKnownFileType = sourcecode.swift; path = Extensions.swift; sourceTree = "<group>"; };
		A80F8BD42C5E408400CABD28 /* Client.swift */ = {isa = PBXFileReference; fileEncoding = 4; lastKnownFileType = sourcecode.swift; path = Client.swift; sourceTree = "<group>"; };
		A80F8BD62C5E408400CABD28 /* APIEndpoint.swift */ = {isa = PBXFileReference; fileEncoding = 4; lastKnownFileType = sourcecode.swift; path = APIEndpoint.swift; sourceTree = "<group>"; };
		A80F8BD72C5E408400CABD28 /* DrawEndpoint.swift */ = {isa = PBXFileReference; fileEncoding = 4; lastKnownFileType = sourcecode.swift; path = DrawEndpoint.swift; sourceTree = "<group>"; };
		A80F8BD92C5E408400CABD28 /* DrawService.swift */ = {isa = PBXFileReference; fileEncoding = 4; lastKnownFileType = sourcecode.swift; path = DrawService.swift; sourceTree = "<group>"; };
		A80F8BE22C5E6DBF00CABD28 /* HomeView.swift */ = {isa = PBXFileReference; lastKnownFileType = sourcecode.swift; path = HomeView.swift; sourceTree = "<group>"; };
		A80F8BE42C5F7C0100CABD28 /* DrawView.swift */ = {isa = PBXFileReference; lastKnownFileType = sourcecode.swift; path = DrawView.swift; sourceTree = "<group>"; };
		A80F8BEA2C5F8C6300CABD28 /* HomeRouter.swift */ = {isa = PBXFileReference; lastKnownFileType = sourcecode.swift; path = HomeRouter.swift; sourceTree = "<group>"; };
/* End PBXFileReference section */

/* Begin PBXFrameworksBuildPhase section */
		A80F8BB22C5E296C00CABD28 /* Frameworks */ = {
			isa = PBXFrameworksBuildPhase;
			buildActionMask = 2147483647;
			files = (
			);
			runOnlyForDeploymentPostprocessing = 0;
		};
/* End PBXFrameworksBuildPhase section */

/* Begin PBXGroup section */
		A80F8BAC2C5E296C00CABD28 = {
			isa = PBXGroup;
			children = (
				A80F8BB72C5E296C00CABD28 /* GreekKino */,
				A80F8BB62C5E296C00CABD28 /* Products */,
			);
			sourceTree = "<group>";
		};
		A80F8BB62C5E296C00CABD28 /* Products */ = {
			isa = PBXGroup;
			children = (
				A80F8BB52C5E296C00CABD28 /* GreekKino.app */,
			);
			name = Products;
			sourceTree = "<group>";
		};
		A80F8BB72C5E296C00CABD28 /* GreekKino */ = {
			isa = PBXGroup;
			children = (
				A80F8BE92C5F8C5000CABD28 /* Routing */,
				A80F8BE62C5F8C0300CABD28 /* UI */,
				A80F8BCE2C5E408400CABD28 /* Client */,
				A80F8BCA2C5E3CA000CABD28 /* RootTabRouter.swift */,
				A80F8BCB2C5E3CA000CABD28 /* RootTabView.swift */,
				A80F8BB82C5E296C00CABD28 /* GreekKinoApp.swift */,
				A80F8BBA2C5E296C00CABD28 /* ContentView.swift */,
				A80F8BBC2C5E296D00CABD28 /* Assets.xcassets */,
				A80F8BBE2C5E296D00CABD28 /* Preview Content */,
			);
			path = GreekKino;
			sourceTree = "<group>";
		};
		A80F8BBE2C5E296D00CABD28 /* Preview Content */ = {
			isa = PBXGroup;
			children = (
				A80F8BBF2C5E296D00CABD28 /* Preview Assets.xcassets */,
			);
			path = "Preview Content";
			sourceTree = "<group>";
		};
		A80F8BCE2C5E408400CABD28 /* Client */ = {
			isa = PBXGroup;
			children = (
				A80F8BCF2C5E408400CABD28 /* Models */,
				A80F8BD32C5E408400CABD28 /* Extensions.swift */,
				A80F8BD42C5E408400CABD28 /* Client.swift */,
				A80F8BD52C5E408400CABD28 /* API */,
				A80F8BD82C5E408400CABD28 /* Service */,
			);
			path = Client;
			sourceTree = "<group>";
		};
		A80F8BCF2C5E408400CABD28 /* Models */ = {
			isa = PBXGroup;
			children = (
				A80F8BD22C5E408400CABD28 /* DrawModel.swift */,
			);
			path = Models;
			sourceTree = "<group>";
		};
		A80F8BD52C5E408400CABD28 /* API */ = {
			isa = PBXGroup;
			children = (
				A80F8BD62C5E408400CABD28 /* APIEndpoint.swift */,
				A80F8BD72C5E408400CABD28 /* DrawEndpoint.swift */,
			);
			path = API;
			sourceTree = "<group>";
		};
		A80F8BD82C5E408400CABD28 /* Service */ = {
			isa = PBXGroup;
			children = (
				A80F8BD92C5E408400CABD28 /* DrawService.swift */,
			);
			path = Service;
			sourceTree = "<group>";
		};
		A80F8BE62C5F8C0300CABD28 /* UI */ = {
			isa = PBXGroup;
			children = (
				A80F8BE82C5F8C1000CABD28 /* Components */,
				A80F8BE72C5F8C0A00CABD28 /* Screens */,
			);
			path = UI;
			sourceTree = "<group>";
		};
		A80F8BE72C5F8C0A00CABD28 /* Screens */ = {
			isa = PBXGroup;
			children = (
				A80F8BE22C5E6DBF00CABD28 /* HomeView.swift */,
				A80F8BE42C5F7C0100CABD28 /* DrawView.swift */,
			);
			path = Screens;
			sourceTree = "<group>";
		};
		A80F8BE82C5F8C1000CABD28 /* Components */ = {
			isa = PBXGroup;
			children = (
			);
			path = Components;
			sourceTree = "<group>";
		};
		A80F8BE92C5F8C5000CABD28 /* Routing */ = {
			isa = PBXGroup;
			children = (
				A80F8BEA2C5F8C6300CABD28 /* HomeRouter.swift */,
			);
			path = Routing;
			sourceTree = "<group>";
		};
/* End PBXGroup section */

/* Begin PBXNativeTarget section */
		A80F8BB42C5E296C00CABD28 /* GreekKino */ = {
			isa = PBXNativeTarget;
			buildConfigurationList = A80F8BC32C5E296D00CABD28 /* Build configuration list for PBXNativeTarget "GreekKino" */;
			buildPhases = (
				A80F8BB12C5E296C00CABD28 /* Sources */,
				A80F8BB22C5E296C00CABD28 /* Frameworks */,
				A80F8BB32C5E296C00CABD28 /* Resources */,
			);
			buildRules = (
			);
			dependencies = (
			);
			name = GreekKino;
			productName = GreekKino;
			productReference = A80F8BB52C5E296C00CABD28 /* GreekKino.app */;
			productType = "com.apple.product-type.application";
		};
/* End PBXNativeTarget section */

/* Begin PBXProject section */
		A80F8BAD2C5E296C00CABD28 /* Project object */ = {
			isa = PBXProject;
			attributes = {
				BuildIndependentTargetsInParallel = 1;
				LastSwiftUpdateCheck = 1500;
				LastUpgradeCheck = 1500;
				TargetAttributes = {
					A80F8BB42C5E296C00CABD28 = {
						CreatedOnToolsVersion = 15.0.1;
					};
				};
			};
			buildConfigurationList = A80F8BB02C5E296C00CABD28 /* Build configuration list for PBXProject "GreekKino" */;
			compatibilityVersion = "Xcode 14.0";
			developmentRegion = en;
			hasScannedForEncodings = 0;
			knownRegions = (
				en,
				Base,
			);
			mainGroup = A80F8BAC2C5E296C00CABD28;
			productRefGroup = A80F8BB62C5E296C00CABD28 /* Products */;
			projectDirPath = "";
			projectRoot = "";
			targets = (
				A80F8BB42C5E296C00CABD28 /* GreekKino */,
			);
		};
/* End PBXProject section */

/* Begin PBXResourcesBuildPhase section */
		A80F8BB32C5E296C00CABD28 /* Resources */ = {
			isa = PBXResourcesBuildPhase;
			buildActionMask = 2147483647;
			files = (
				A80F8BC02C5E296D00CABD28 /* Preview Assets.xcassets in Resources */,
				A80F8BBD2C5E296D00CABD28 /* Assets.xcassets in Resources */,
			);
			runOnlyForDeploymentPostprocessing = 0;
		};
/* End PBXResourcesBuildPhase section */

/* Begin PBXSourcesBuildPhase section */
		A80F8BB12C5E296C00CABD28 /* Sources */ = {
			isa = PBXSourcesBuildPhase;
			buildActionMask = 2147483647;
			files = (
				A80F8BBB2C5E296C00CABD28 /* ContentView.swift in Sources */,
				A80F8BE02C5E408500CABD28 /* DrawEndpoint.swift in Sources */,
				A80F8BCC2C5E3CA000CABD28 /* RootTabRouter.swift in Sources */,
				A80F8BDD2C5E408500CABD28 /* Extensions.swift in Sources */,
				A80F8BE12C5E408500CABD28 /* DrawService.swift in Sources */,
				A80F8BE32C5E6DBF00CABD28 /* HomeView.swift in Sources */,
				A80F8BEB2C5F8C6300CABD28 /* HomeRouter.swift in Sources */,
				A80F8BE52C5F7C0100CABD28 /* DrawView.swift in Sources */,
				A80F8BCD2C5E3CA000CABD28 /* RootTabView.swift in Sources */,
				A80F8BDC2C5E408500CABD28 /* DrawModel.swift in Sources */,
				A80F8BB92C5E296C00CABD28 /* GreekKinoApp.swift in Sources */,
				A80F8BDE2C5E408500CABD28 /* Client.swift in Sources */,
				A80F8BDF2C5E408500CABD28 /* APIEndpoint.swift in Sources */,
			);
			runOnlyForDeploymentPostprocessing = 0;
		};
/* End PBXSourcesBuildPhase section */

/* Begin XCBuildConfiguration section */
		A80F8BC12C5E296D00CABD28 /* Debug */ = {
			isa = XCBuildConfiguration;
			buildSettings = {
				ALWAYS_SEARCH_USER_PATHS = NO;
				ASSETCATALOG_COMPILER_GENERATE_SWIFT_ASSET_SYMBOL_EXTENSIONS = YES;
				CLANG_ANALYZER_NONNULL = YES;
				CLANG_ANALYZER_NUMBER_OBJECT_CONVERSION = YES_AGGRESSIVE;
				CLANG_CXX_LANGUAGE_STANDARD = "gnu++20";
				CLANG_ENABLE_MODULES = YES;
				CLANG_ENABLE_OBJC_ARC = YES;
				CLANG_ENABLE_OBJC_WEAK = YES;
				CLANG_WARN_BLOCK_CAPTURE_AUTORELEASING = YES;
				CLANG_WARN_BOOL_CONVERSION = YES;
				CLANG_WARN_COMMA = YES;
				CLANG_WARN_CONSTANT_CONVERSION = YES;
				CLANG_WARN_DEPRECATED_OBJC_IMPLEMENTATIONS = YES;
				CLANG_WARN_DIRECT_OBJC_ISA_USAGE = YES_ERROR;
				CLANG_WARN_DOCUMENTATION_COMMENTS = YES;
				CLANG_WARN_EMPTY_BODY = YES;
				CLANG_WARN_ENUM_CONVERSION = YES;
				CLANG_WARN_INFINITE_RECURSION = YES;
				CLANG_WARN_INT_CONVERSION = YES;
				CLANG_WARN_NON_LITERAL_NULL_CONVERSION = YES;
				CLANG_WARN_OBJC_IMPLICIT_RETAIN_SELF = YES;
				CLANG_WARN_OBJC_LITERAL_CONVERSION = YES;
				CLANG_WARN_OBJC_ROOT_CLASS = YES_ERROR;
				CLANG_WARN_QUOTED_INCLUDE_IN_FRAMEWORK_HEADER = YES;
				CLANG_WARN_RANGE_LOOP_ANALYSIS = YES;
				CLANG_WARN_STRICT_PROTOTYPES = YES;
				CLANG_WARN_SUSPICIOUS_MOVE = YES;
				CLANG_WARN_UNGUARDED_AVAILABILITY = YES_AGGRESSIVE;
				CLANG_WARN_UNREACHABLE_CODE = YES;
				CLANG_WARN__DUPLICATE_METHOD_MATCH = YES;
				COPY_PHASE_STRIP = NO;
				DEBUG_INFORMATION_FORMAT = dwarf;
				ENABLE_STRICT_OBJC_MSGSEND = YES;
				ENABLE_TESTABILITY = YES;
				ENABLE_USER_SCRIPT_SANDBOXING = YES;
				GCC_C_LANGUAGE_STANDARD = gnu17;
				GCC_DYNAMIC_NO_PIC = NO;
				GCC_NO_COMMON_BLOCKS = YES;
				GCC_OPTIMIZATION_LEVEL = 0;
				GCC_PREPROCESSOR_DEFINITIONS = (
					"DEBUG=1",
					"$(inherited)",
				);
				GCC_WARN_64_TO_32_BIT_CONVERSION = YES;
				GCC_WARN_ABOUT_RETURN_TYPE = YES_ERROR;
				GCC_WARN_UNDECLARED_SELECTOR = YES;
				GCC_WARN_UNINITIALIZED_AUTOS = YES_AGGRESSIVE;
				GCC_WARN_UNUSED_FUNCTION = YES;
				GCC_WARN_UNUSED_VARIABLE = YES;
				IPHONEOS_DEPLOYMENT_TARGET = 17.0;
				LOCALIZATION_PREFERS_STRING_CATALOGS = YES;
				MTL_ENABLE_DEBUG_INFO = INCLUDE_SOURCE;
				MTL_FAST_MATH = YES;
				ONLY_ACTIVE_ARCH = YES;
				SDKROOT = iphoneos;
				SWIFT_ACTIVE_COMPILATION_CONDITIONS = "DEBUG $(inherited)";
				SWIFT_OPTIMIZATION_LEVEL = "-Onone";
			};
			name = Debug;
		};
		A80F8BC22C5E296D00CABD28 /* Release */ = {
			isa = XCBuildConfiguration;
			buildSettings = {
				ALWAYS_SEARCH_USER_PATHS = NO;
				ASSETCATALOG_COMPILER_GENERATE_SWIFT_ASSET_SYMBOL_EXTENSIONS = YES;
				CLANG_ANALYZER_NONNULL = YES;
				CLANG_ANALYZER_NUMBER_OBJECT_CONVERSION = YES_AGGRESSIVE;
				CLANG_CXX_LANGUAGE_STANDARD = "gnu++20";
				CLANG_ENABLE_MODULES = YES;
				CLANG_ENABLE_OBJC_ARC = YES;
				CLANG_ENABLE_OBJC_WEAK = YES;
				CLANG_WARN_BLOCK_CAPTURE_AUTORELEASING = YES;
				CLANG_WARN_BOOL_CONVERSION = YES;
				CLANG_WARN_COMMA = YES;
				CLANG_WARN_CONSTANT_CONVERSION = YES;
				CLANG_WARN_DEPRECATED_OBJC_IMPLEMENTATIONS = YES;
				CLANG_WARN_DIRECT_OBJC_ISA_USAGE = YES_ERROR;
				CLANG_WARN_DOCUMENTATION_COMMENTS = YES;
				CLANG_WARN_EMPTY_BODY = YES;
				CLANG_WARN_ENUM_CONVERSION = YES;
				CLANG_WARN_INFINITE_RECURSION = YES;
				CLANG_WARN_INT_CONVERSION = YES;
				CLANG_WARN_NON_LITERAL_NULL_CONVERSION = YES;
				CLANG_WARN_OBJC_IMPLICIT_RETAIN_SELF = YES;
				CLANG_WARN_OBJC_LITERAL_CONVERSION = YES;
				CLANG_WARN_OBJC_ROOT_CLASS = YES_ERROR;
				CLANG_WARN_QUOTED_INCLUDE_IN_FRAMEWORK_HEADER = YES;
				CLANG_WARN_RANGE_LOOP_ANALYSIS = YES;
				CLANG_WARN_STRICT_PROTOTYPES = YES;
				CLANG_WARN_SUSPICIOUS_MOVE = YES;
				CLANG_WARN_UNGUARDED_AVAILABILITY = YES_AGGRESSIVE;
				CLANG_WARN_UNREACHABLE_CODE = YES;
				CLANG_WARN__DUPLICATE_METHOD_MATCH = YES;
				COPY_PHASE_STRIP = NO;
				DEBUG_INFORMATION_FORMAT = "dwarf-with-dsym";
				ENABLE_NS_ASSERTIONS = NO;
				ENABLE_STRICT_OBJC_MSGSEND = YES;
				ENABLE_USER_SCRIPT_SANDBOXING = YES;
				GCC_C_LANGUAGE_STANDARD = gnu17;
				GCC_NO_COMMON_BLOCKS = YES;
				GCC_WARN_64_TO_32_BIT_CONVERSION = YES;
				GCC_WARN_ABOUT_RETURN_TYPE = YES_ERROR;
				GCC_WARN_UNDECLARED_SELECTOR = YES;
				GCC_WARN_UNINITIALIZED_AUTOS = YES_AGGRESSIVE;
				GCC_WARN_UNUSED_FUNCTION = YES;
				GCC_WARN_UNUSED_VARIABLE = YES;
				IPHONEOS_DEPLOYMENT_TARGET = 17.0;
				LOCALIZATION_PREFERS_STRING_CATALOGS = YES;
				MTL_ENABLE_DEBUG_INFO = NO;
				MTL_FAST_MATH = YES;
				SDKROOT = iphoneos;
				SWIFT_COMPILATION_MODE = wholemodule;
				VALIDATE_PRODUCT = YES;
			};
			name = Release;
		};
		A80F8BC42C5E296D00CABD28 /* Debug */ = {
			isa = XCBuildConfiguration;
			buildSettings = {
				ASSETCATALOG_COMPILER_APPICON_NAME = AppIcon;
				ASSETCATALOG_COMPILER_GLOBAL_ACCENT_COLOR_NAME = AccentColor;
				CODE_SIGN_STYLE = Automatic;
				CURRENT_PROJECT_VERSION = 1;
				DEVELOPMENT_ASSET_PATHS = "\"GreekKino/Preview Content\"";
				ENABLE_PREVIEWS = YES;
				GENERATE_INFOPLIST_FILE = YES;
				INFOPLIST_KEY_UIApplicationSceneManifest_Generation = YES;
				INFOPLIST_KEY_UIApplicationSupportsIndirectInputEvents = YES;
				INFOPLIST_KEY_UILaunchScreen_Generation = YES;
				INFOPLIST_KEY_UISupportedInterfaceOrientations_iPad = "UIInterfaceOrientationPortrait UIInterfaceOrientationPortraitUpsideDown UIInterfaceOrientationLandscapeLeft UIInterfaceOrientationLandscapeRight";
				INFOPLIST_KEY_UISupportedInterfaceOrientations_iPhone = "UIInterfaceOrientationPortrait UIInterfaceOrientationLandscapeLeft UIInterfaceOrientationLandscapeRight";
				LD_RUNPATH_SEARCH_PATHS = (
					"$(inherited)",
					"@executable_path/Frameworks",
				);
				MARKETING_VERSION = 1.0;
				PRODUCT_BUNDLE_IDENTIFIER = Sample.GreekKino;
				PRODUCT_NAME = "$(TARGET_NAME)";
				SWIFT_EMIT_LOC_STRINGS = YES;
				SWIFT_VERSION = 5.0;
				TARGETED_DEVICE_FAMILY = "1,2";
			};
			name = Debug;
		};
		A80F8BC52C5E296D00CABD28 /* Release */ = {
			isa = XCBuildConfiguration;
			buildSettings = {
				ASSETCATALOG_COMPILER_APPICON_NAME = AppIcon;
				ASSETCATALOG_COMPILER_GLOBAL_ACCENT_COLOR_NAME = AccentColor;
				CODE_SIGN_STYLE = Automatic;
				CURRENT_PROJECT_VERSION = 1;
				DEVELOPMENT_ASSET_PATHS = "\"GreekKino/Preview Content\"";
				ENABLE_PREVIEWS = YES;
				GENERATE_INFOPLIST_FILE = YES;
				INFOPLIST_KEY_UIApplicationSceneManifest_Generation = YES;
				INFOPLIST_KEY_UIApplicationSupportsIndirectInputEvents = YES;
				INFOPLIST_KEY_UILaunchScreen_Generation = YES;
				INFOPLIST_KEY_UISupportedInterfaceOrientations_iPad = "UIInterfaceOrientationPortrait UIInterfaceOrientationPortraitUpsideDown UIInterfaceOrientationLandscapeLeft UIInterfaceOrientationLandscapeRight";
				INFOPLIST_KEY_UISupportedInterfaceOrientations_iPhone = "UIInterfaceOrientationPortrait UIInterfaceOrientationLandscapeLeft UIInterfaceOrientationLandscapeRight";
				LD_RUNPATH_SEARCH_PATHS = (
					"$(inherited)",
					"@executable_path/Frameworks",
				);
				MARKETING_VERSION = 1.0;
				PRODUCT_BUNDLE_IDENTIFIER = Sample.GreekKino;
				PRODUCT_NAME = "$(TARGET_NAME)";
				SWIFT_EMIT_LOC_STRINGS = YES;
				SWIFT_VERSION = 5.0;
				TARGETED_DEVICE_FAMILY = "1,2";
			};
			name = Release;
		};
/* End XCBuildConfiguration section */

/* Begin XCConfigurationList section */
		A80F8BB02C5E296C00CABD28 /* Build configuration list for PBXProject "GreekKino" */ = {
			isa = XCConfigurationList;
			buildConfigurations = (
				A80F8BC12C5E296D00CABD28 /* Debug */,
				A80F8BC22C5E296D00CABD28 /* Release */,
			);
			defaultConfigurationIsVisible = 0;
			defaultConfigurationName = Release;
		};
		A80F8BC32C5E296D00CABD28 /* Build configuration list for PBXNativeTarget "GreekKino" */ = {
			isa = XCConfigurationList;
			buildConfigurations = (
				A80F8BC42C5E296D00CABD28 /* Debug */,
				A80F8BC52C5E296D00CABD28 /* Release */,
			);
			defaultConfigurationIsVisible = 0;
			defaultConfigurationName = Release;
		};
/* End XCConfigurationList section */
	};
	rootObject = A80F8BAD2C5E296C00CABD28 /* Project object */;
}
